
Microsoft Visual Studio Solution File, Format Version 12.00
# Visual Studio Version 16
VisualStudioVersion = 16.0.31205.134
MinimumVisualStudioVersion = 10.0.40219.1
Project("{9A19103F-16F7-4668-BE54-9A1E7A4F7556}") = "Service_Solution_Project2_PBA", "Service_Solution_Project2_PBA\Service_Solution_Project2_PBA.csproj", "{3178E3AA-7A9A-459D-8BE2-845D63E0C00B}"
EndProject
Project("{9A19103F-16F7-4668-BE54-9A1E7A4F7556}") = "Test_Project_For_Service_Solution", "Test_Project_For_Service_Solution\Test_Project_For_Service_Solution.csproj", "{F932E632-2CBC-4D55-A5A6-EE30A29CD271}"
EndProject
Project("{9A19103F-16F7-4668-BE54-9A1E7A4F7556}") = "Client_Service_Project 2_PBA", "Client_Service_Project 2_PBA\Client_Service_Project 2_PBA.csproj", "{4D0F1F30-EDE5-4CD1-8A59-8505306D3F59}"
EndProject
Project("{FAE04EC0-301F-11D3-BF4B-00C04F79EFBC}") = "BookingService", "BookingService\BookingService.csproj", "{0A45CE4B-A9FA-427F-A1BF-0660CEBA82E3}"
EndProject
Global
	GlobalSection(SolutionConfigurationPlatforms) = preSolution
		Debug|Any CPU = Debug|Any CPU
		Release|Any CPU = Release|Any CPU
	EndGlobalSection
	GlobalSection(ProjectConfigurationPlatforms) = postSolution
		{3178E3AA-7A9A-459D-8BE2-845D63E0C00B}.Debug|Any CPU.ActiveCfg = Debug|Any CPU
		{3178E3AA-7A9A-459D-8BE2-845D63E0C00B}.Debug|Any CPU.Build.0 = Debug|Any CPU
		{3178E3AA-7A9A-459D-8BE2-845D63E0C00B}.Release|Any CPU.ActiveCfg = Release|Any CPU
		{3178E3AA-7A9A-459D-8BE2-845D63E0C00B}.Release|Any CPU.Build.0 = Release|Any CPU
		{F932E632-2CBC-4D55-A5A6-EE30A29CD271}.Debug|Any CPU.ActiveCfg = Debug|Any CPU
		{F932E632-2CBC-4D55-A5A6-EE30A29CD271}.Debug|Any CPU.Build.0 = Debug|Any CPU
		{F932E632-2CBC-4D55-A5A6-EE30A29CD271}.Release|Any CPU.ActiveCfg = Release|Any CPU
		{F932E632-2CBC-4D55-A5A6-EE30A29CD271}.Release|Any CPU.Build.0 = Release|Any CPU
		{4D0F1F30-EDE5-4CD1-8A59-8505306D3F59}.Debug|Any CPU.ActiveCfg = Debug|Any CPU
		{4D0F1F30-EDE5-4CD1-8A59-8505306D3F59}.Debug|Any CPU.Build.0 = Debug|Any CPU
		{4D0F1F30-EDE5-4CD1-8A59-8505306D3F59}.Release|Any CPU.ActiveCfg = Release|Any CPU
		{4D0F1F30-EDE5-4CD1-8A59-8505306D3F59}.Release|Any CPU.Build.0 = Release|Any CPU
		{0A45CE4B-A9FA-427F-A1BF-0660CEBA82E3}.Debug|Any CPU.ActiveCfg = Debug|Any CPU
		{0A45CE4B-A9FA-427F-A1BF-0660CEBA82E3}.Debug|Any CPU.Build.0 = Debug|Any CPU
		{0A45CE4B-A9FA-427F-A1BF-0660CEBA82E3}.Release|Any CPU.ActiveCfg = Release|Any CPU
		{0A45CE4B-A9FA-427F-A1BF-0660CEBA82E3}.Release|Any CPU.Build.0 = Release|Any CPU
	EndGlobalSection
	GlobalSection(SolutionProperties) = preSolution
		HideSolutionNode = FALSE
	EndGlobalSection
	GlobalSection(ExtensibilityGlobals) = postSolution
		SolutionGuid = {38202D60-6CF9-4022-B82A-3FA28160E8DB}
	EndGlobalSection
EndGlobal
